
Microsoft Visual Studio Solution File, Format Version 12.00
# Visual Studio 15
VisualStudioVersion = 15.0.28307.168
MinimumVisualStudioVersion = 10.0.40219.1
Project("{FAE04EC0-301F-11D3-BF4B-00C04F79EFBC}") = "theme1", "theme1\theme1.csproj", "{2E85B587-7C68-427C-9B04-31C7C93499BB}"
EndProject
Global
	GlobalSection(SolutionConfigurationPlatforms) = preSolution
		Debug|Any CPU = Debug|Any CPU
		Release|Any CPU = Release|Any CPU
	EndGlobalSection
	GlobalSection(ProjectConfigurationPlatforms) = postSolution
		{2E85B587-7C68-427C-9B04-31C7C93499BB}.Debug|Any CPU.ActiveCfg = Debug|Any CPU
		{2E85B587-7C68-427C-9B04-31C7C93499BB}.Debug|Any CPU.Build.0 = Debug|Any CPU
		{2E85B587-7C68-427C-9B04-31C7C93499BB}.Release|Any CPU.ActiveCfg = Release|Any CPU
		{2E85B587-7C68-427C-9B04-31C7C93499BB}.Release|Any CPU.Build.0 = Release|Any CPU
	EndGlobalSection
	GlobalSection(SolutionProperties) = preSolution
		HideSolutionNode = FALSE
	EndGlobalSection
	GlobalSection(ExtensibilityGlobals) = postSolution
		SolutionGuid = {BD130514-11E7-4D98-885F-72A7BDCA3C00}
	EndGlobalSection
EndGlobal
